
Microsoft Visual Studio Solution File, Format Version 12.00
# Visual Studio Version 16
VisualStudioVersion = 16.0.29905.134
MinimumVisualStudioVersion = 10.0.40219.1
Project("{FAE04EC0-301F-11D3-BF4B-00C04F79EFBC}") = "Twist", "Twist\Twist.csproj", "{D0EF8EE6-BCCB-44D1-9CE6-7C7B5CBDF0BB}"
EndProject
Global
	GlobalSection(SolutionConfigurationPlatforms) = preSolution
		Debug|Any CPU = Debug|Any CPU
		Release|Any CPU = Release|Any CPU
	EndGlobalSection
	GlobalSection(ProjectConfigurationPlatforms) = postSolution
		{D0EF8EE6-BCCB-44D1-9CE6-7C7B5CBDF0BB}.Debug|Any CPU.ActiveCfg = Debug|Any CPU
		{D0EF8EE6-BCCB-44D1-9CE6-7C7B5CBDF0BB}.Debug|Any CPU.Build.0 = Debug|Any CPU
		{D0EF8EE6-BCCB-44D1-9CE6-7C7B5CBDF0BB}.Release|Any CPU.ActiveCfg = Release|Any CPU
		{D0EF8EE6-BCCB-44D1-9CE6-7C7B5CBDF0BB}.Release|Any CPU.Build.0 = Release|Any CPU
	EndGlobalSection
	GlobalSection(SolutionProperties) = preSolution
		HideSolutionNode = FALSE
	EndGlobalSection
	GlobalSection(ExtensibilityGlobals) = postSolution
		SolutionGuid = {C3BDBA5C-B111-49E8-9BBB-D5330E3C8941}
	EndGlobalSection
EndGlobal
